
Microsoft Visual Studio Solution File, Format Version 12.00
# Visual Studio Version 16
VisualStudioVersion = 16.0.30804.86
MinimumVisualStudioVersion = 10.0.40219.1
Project("{FAE04EC0-301F-11D3-BF4B-00C04F79EFBC}") = "0210git", "0210git\0210git.csproj", "{2EF04A7F-81C5-47C2-9966-044F37E4D351}"
EndProject
Global
	GlobalSection(SolutionConfigurationPlatforms) = preSolution
		Debug|Any CPU = Debug|Any CPU
		Release|Any CPU = Release|Any CPU
	EndGlobalSection
	GlobalSection(ProjectConfigurationPlatforms) = postSolution
		{2EF04A7F-81C5-47C2-9966-044F37E4D351}.Debug|Any CPU.ActiveCfg = Debug|Any CPU
		{2EF04A7F-81C5-47C2-9966-044F37E4D351}.Debug|Any CPU.Build.0 = Debug|Any CPU
		{2EF04A7F-81C5-47C2-9966-044F37E4D351}.Release|Any CPU.ActiveCfg = Release|Any CPU
		{2EF04A7F-81C5-47C2-9966-044F37E4D351}.Release|Any CPU.Build.0 = Release|Any CPU
	EndGlobalSection
	GlobalSection(SolutionProperties) = preSolution
		HideSolutionNode = FALSE
	EndGlobalSection
	GlobalSection(ExtensibilityGlobals) = postSolution
		SolutionGuid = {D5764A15-400D-400F-909D-61391D6436E0}
	EndGlobalSection
EndGlobal
